
Microsoft Visual Studio Solution File, Format Version 12.00
# Visual Studio Version 16
VisualStudioVersion = 16.0.30128.74
MinimumVisualStudioVersion = 10.0.40219.1
Project("{FAE04EC0-301F-11D3-BF4B-00C04F79EFBC}") = "TestDynamicGetDataProvider", "TestDynamicGetDataProvider\TestDynamicGetDataProvider.csproj", "{97A6FA1F-2E02-449F-95CE-D67B32F2BEE0}"
EndProject
Global
	GlobalSection(SolutionConfigurationPlatforms) = preSolution
		Debug|Any CPU = Debug|Any CPU
		Release|Any CPU = Release|Any CPU
	EndGlobalSection
	GlobalSection(ProjectConfigurationPlatforms) = postSolution
		{97A6FA1F-2E02-449F-95CE-D67B32F2BEE0}.Debug|Any CPU.ActiveCfg = Debug|Any CPU
		{97A6FA1F-2E02-449F-95CE-D67B32F2BEE0}.Debug|Any CPU.Build.0 = Debug|Any CPU
		{97A6FA1F-2E02-449F-95CE-D67B32F2BEE0}.Release|Any CPU.ActiveCfg = Release|Any CPU
		{97A6FA1F-2E02-449F-95CE-D67B32F2BEE0}.Release|Any CPU.Build.0 = Release|Any CPU
	EndGlobalSection
	GlobalSection(SolutionProperties) = preSolution
		HideSolutionNode = FALSE
	EndGlobalSection
	GlobalSection(ExtensibilityGlobals) = postSolution
		SolutionGuid = {2FE20D09-2CE7-46B3-8516-1B731D7EF477}
	EndGlobalSection
EndGlobal
